// !$*UTF8*$!
{
	archiveVersion = 1;
	classes = {
	};
	objectVersion = 56;
	objects = {

/* Begin PBXBuildFile section */
		182E359B29CB81CE00360734 /* User.swift in Sources */ = {isa = PBXBuildFile; fileRef = 182E359A29CB81CE00360734 /* User.swift */; };
		182E359D29CB82A200360734 /* Event.swift in Sources */ = {isa = PBXBuildFile; fileRef = 182E359C29CB82A200360734 /* Event.swift */; };
		182E359F29CB847100360734 /* Extensions.swift in Sources */ = {isa = PBXBuildFile; fileRef = 182E359E29CB847100360734 /* Extensions.swift */; };
		182E35A129CB884700360734 /* CardView.swift in Sources */ = {isa = PBXBuildFile; fileRef = 182E35A029CB884700360734 /* CardView.swift */; };
		182F753829BB881200D0F751 /* EventsAppApp.swift in Sources */ = {isa = PBXBuildFile; fileRef = 182F753729BB881200D0F751 /* EventsAppApp.swift */; };
		182F753A29BB881200D0F751 /* ContentView.swift in Sources */ = {isa = PBXBuildFile; fileRef = 182F753929BB881200D0F751 /* ContentView.swift */; };
		182F753C29BB881400D0F751 /* Assets.xcassets in Resources */ = {isa = PBXBuildFile; fileRef = 182F753B29BB881400D0F751 /* Assets.xcassets */; };
		182F753F29BB881400D0F751 /* Preview Assets.xcassets in Resources */ = {isa = PBXBuildFile; fileRef = 182F753E29BB881400D0F751 /* Preview Assets.xcassets */; };
		182F754629BD02D700D0F751 /* LogInPageView.swift in Sources */ = {isa = PBXBuildFile; fileRef = 182F754529BD02D700D0F751 /* LogInPageView.swift */; };
		182F754829BD031F00D0F751 /* SignUpPageView.swift in Sources */ = {isa = PBXBuildFile; fileRef = 182F754729BD031F00D0F751 /* SignUpPageView.swift */; };
		182F754C29BD03E000D0F751 /* HomePageView.swift in Sources */ = {isa = PBXBuildFile; fileRef = 182F754B29BD03E000D0F751 /* HomePageView.swift */; };
		182F754E29BDFCC500D0F751 /* ButtonModifier.swift in Sources */ = {isa = PBXBuildFile; fileRef = 182F754D29BDFCC500D0F751 /* ButtonModifier.swift */; };
		182F755029BE3A2100D0F751 /* SideMenuView.swift in Sources */ = {isa = PBXBuildFile; fileRef = 182F754F29BE3A2100D0F751 /* SideMenuView.swift */; };
		182F755229BE49B500D0F751 /* GeometryReaderCentered.swift in Sources */ = {isa = PBXBuildFile; fileRef = 182F755129BE49B500D0F751 /* GeometryReaderCentered.swift */; };
		18451DA92A4331C6002E2F98 /* LaunchScreen.storyboard in Resources */ = {isa = PBXBuildFile; fileRef = 18451DA82A4331C6002E2F98 /* LaunchScreen.storyboard */; };
		18569CA12A4477EE007A3CE7 /* PopupView.swift in Sources */ = {isa = PBXBuildFile; fileRef = 18569CA02A4477EE007A3CE7 /* PopupView.swift */; };
		18569CA32A45A45C007A3CE7 /* AddEventPageView.swift in Sources */ = {isa = PBXBuildFile; fileRef = 18569CA22A45A45C007A3CE7 /* AddEventPageView.swift */; };
		18569CA52A45A4CF007A3CE7 /* AddEventViewModel.swift in Sources */ = {isa = PBXBuildFile; fileRef = 18569CA42A45A4CF007A3CE7 /* AddEventViewModel.swift */; };
		18569CA72A45A818007A3CE7 /* AddUserPageView.swift in Sources */ = {isa = PBXBuildFile; fileRef = 18569CA62A45A818007A3CE7 /* AddUserPageView.swift */; };
		18569CA92A45A82B007A3CE7 /* AddUserViewModel.swift in Sources */ = {isa = PBXBuildFile; fileRef = 18569CA82A45A82B007A3CE7 /* AddUserViewModel.swift */; };
		186CA18C29C8CD6000FC20C5 /* FavouriteEventsPageView.swift in Sources */ = {isa = PBXBuildFile; fileRef = 186CA18B29C8CD6000FC20C5 /* FavouriteEventsPageView.swift */; };
		189B29BA29C78D8200EA95F9 /* SettingsPageView.swift in Sources */ = {isa = PBXBuildFile; fileRef = 189B29B929C78D8200EA95F9 /* SettingsPageView.swift */; };
		189E10FA2A4602D5001CBD93 /* ImagePicker.swift in Sources */ = {isa = PBXBuildFile; fileRef = 189E10F92A4602D5001CBD93 /* ImagePicker.swift */; };
		189ED96B29BB94C700754FEC /* GoogleService-Info.plist in Resources */ = {isa = PBXBuildFile; fileRef = 189ED96A29BB94C700754FEC /* GoogleService-Info.plist */; };
		18A6C8C829E087C30086B535 /* LoginViewModel.swift in Sources */ = {isa = PBXBuildFile; fileRef = 18A6C8C729E087C30086B535 /* LoginViewModel.swift */; };
		18A6C8CA29E087D70086B535 /* SignUpViewModel.swift in Sources */ = {isa = PBXBuildFile; fileRef = 18A6C8C929E087D70086B535 /* SignUpViewModel.swift */; };
		18A6C8CD29E1BD110086B535 /* EdgeBorder.swift in Sources */ = {isa = PBXBuildFile; fileRef = 18A6C8CC29E1BD110086B535 /* EdgeBorder.swift */; };
		18A6C8CF29E1BD490086B535 /* TabBarButton.swift in Sources */ = {isa = PBXBuildFile; fileRef = 18A6C8CE29E1BD490086B535 /* TabBarButton.swift */; };
		18A6C8D129E1BD820086B535 /* CustomTopTabBar.swift in Sources */ = {isa = PBXBuildFile; fileRef = 18A6C8D029E1BD820086B535 /* CustomTopTabBar.swift */; };
		18A6C8D329E1BDD30086B535 /* EventListView.swift in Sources */ = {isa = PBXBuildFile; fileRef = 18A6C8D229E1BDD30086B535 /* EventListView.swift */; };
		18D18A2829D8A1E9000D6CBB /* AdminPageView.swift in Sources */ = {isa = PBXBuildFile; fileRef = 18D18A2729D8A1E9000D6CBB /* AdminPageView.swift */; };
		64F5C44225AEA9B6D886E633 /* Pods_EventsApp.framework in Frameworks */ = {isa = PBXBuildFile; fileRef = 2145C779786E6190E8AD2136 /* Pods_EventsApp.framework */; };
/* End PBXBuildFile section */

/* Begin PBXFileReference section */
		182E359A29CB81CE00360734 /* User.swift */ = {isa = PBXFileReference; lastKnownFileType = sourcecode.swift; path = User.swift; sourceTree = "<group>"; };
		182E359C29CB82A200360734 /* Event.swift */ = {isa = PBXFileReference; lastKnownFileType = sourcecode.swift; path = Event.swift; sourceTree = "<group>"; };
		182E359E29CB847100360734 /* Extensions.swift */ = {isa = PBXFileReference; lastKnownFileType = sourcecode.swift; path = Extensions.swift; sourceTree = "<group>"; };
		182E35A029CB884700360734 /* CardView.swift */ = {isa = PBXFileReference; lastKnownFileType = sourcecode.swift; path = CardView.swift; sourceTree = "<group>"; };
		182F753429BB881200D0F751 /* EventsApp.app */ = {isa = PBXFileReference; explicitFileType = wrapper.application; includeInIndex = 0; path = EventsApp.app; sourceTree = BUILT_PRODUCTS_DIR; };
		182F753729BB881200D0F751 /* EventsAppApp.swift */ = {isa = PBXFileReference; lastKnownFileType = sourcecode.swift; path = EventsAppApp.swift; sourceTree = "<group>"; };
		182F753929BB881200D0F751 /* ContentView.swift */ = {isa = PBXFileReference; lastKnownFileType = sourcecode.swift; path = ContentView.swift; sourceTree = "<group>"; };
		182F753B29BB881400D0F751 /* Assets.xcassets */ = {isa = PBXFileReference; lastKnownFileType = folder.assetcatalog; path = Assets.xcassets; sourceTree = "<group>"; };
		182F753E29BB881400D0F751 /* Preview Assets.xcassets */ = {isa = PBXFileReference; lastKnownFileType = folder.assetcatalog; path = "Preview Assets.xcassets"; sourceTree = "<group>"; };
		182F754529BD02D700D0F751 /* LogInPageView.swift */ = {isa = PBXFileReference; lastKnownFileType = sourcecode.swift; path = LogInPageView.swift; sourceTree = "<group>"; };
		182F754729BD031F00D0F751 /* SignUpPageView.swift */ = {isa = PBXFileReference; lastKnownFileType = sourcecode.swift; path = SignUpPageView.swift; sourceTree = "<group>"; };
		182F754B29BD03E000D0F751 /* HomePageView.swift */ = {isa = PBXFileReference; lastKnownFileType = sourcecode.swift; path = HomePageView.swift; sourceTree = "<group>"; };
		182F754D29BDFCC500D0F751 /* ButtonModifier.swift */ = {isa = PBXFileReference; lastKnownFileType = sourcecode.swift; path = ButtonModifier.swift; sourceTree = "<group>"; };
		182F754F29BE3A2100D0F751 /* SideMenuView.swift */ = {isa = PBXFileReference; lastKnownFileType = sourcecode.swift; path = SideMenuView.swift; sourceTree = "<group>"; };
		182F755129BE49B500D0F751 /* GeometryReaderCentered.swift */ = {isa = PBXFileReference; lastKnownFileType = sourcecode.swift; path = GeometryReaderCentered.swift; sourceTree = "<group>"; };
		18451DA72A432C0E002E2F98 /* Info.plist */ = {isa = PBXFileReference; lastKnownFileType = text.plist; path = Info.plist; sourceTree = "<group>"; };
		18451DA82A4331C6002E2F98 /* LaunchScreen.storyboard */ = {isa = PBXFileReference; lastKnownFileType = file.storyboard; path = LaunchScreen.storyboard; sourceTree = "<group>"; };
		18569CA02A4477EE007A3CE7 /* PopupView.swift */ = {isa = PBXFileReference; lastKnownFileType = sourcecode.swift; path = PopupView.swift; sourceTree = "<group>"; };
		18569CA22A45A45C007A3CE7 /* AddEventPageView.swift */ = {isa = PBXFileReference; lastKnownFileType = sourcecode.swift; path = AddEventPageView.swift; sourceTree = "<group>"; };
		18569CA42A45A4CF007A3CE7 /* AddEventViewModel.swift */ = {isa = PBXFileReference; lastKnownFileType = sourcecode.swift; path = AddEventViewModel.swift; sourceTree = "<group>"; };
		18569CA62A45A818007A3CE7 /* AddUserPageView.swift */ = {isa = PBXFileReference; lastKnownFileType = sourcecode.swift; path = AddUserPageView.swift; sourceTree = "<group>"; };
		18569CA82A45A82B007A3CE7 /* AddUserViewModel.swift */ = {isa = PBXFileReference; lastKnownFileType = sourcecode.swift; path = AddUserViewModel.swift; sourceTree = "<group>"; };
		186CA18B29C8CD6000FC20C5 /* FavouriteEventsPageView.swift */ = {isa = PBXFileReference; lastKnownFileType = sourcecode.swift; path = FavouriteEventsPageView.swift; sourceTree = "<group>"; };
		189B29B929C78D8200EA95F9 /* SettingsPageView.swift */ = {isa = PBXFileReference; lastKnownFileType = sourcecode.swift; path = SettingsPageView.swift; sourceTree = "<group>"; };
		189E10F92A4602D5001CBD93 /* ImagePicker.swift */ = {isa = PBXFileReference; lastKnownFileType = sourcecode.swift; path = ImagePicker.swift; sourceTree = "<group>"; };
		189ED96A29BB94C700754FEC /* GoogleService-Info.plist */ = {isa = PBXFileReference; fileEncoding = 4; lastKnownFileType = text.plist.xml; path = "GoogleService-Info.plist"; sourceTree = "<group>"; };
		18A6C8C729E087C30086B535 /* LoginViewModel.swift */ = {isa = PBXFileReference; lastKnownFileType = sourcecode.swift; path = LoginViewModel.swift; sourceTree = "<group>"; };
		18A6C8C929E087D70086B535 /* SignUpViewModel.swift */ = {isa = PBXFileReference; lastKnownFileType = sourcecode.swift; path = SignUpViewModel.swift; sourceTree = "<group>"; };
		18A6C8CC29E1BD110086B535 /* EdgeBorder.swift */ = {isa = PBXFileReference; lastKnownFileType = sourcecode.swift; path = EdgeBorder.swift; sourceTree = "<group>"; };
		18A6C8CE29E1BD490086B535 /* TabBarButton.swift */ = {isa = PBXFileReference; lastKnownFileType = sourcecode.swift; path = TabBarButton.swift; sourceTree = "<group>"; };
		18A6C8D029E1BD820086B535 /* CustomTopTabBar.swift */ = {isa = PBXFileReference; lastKnownFileType = sourcecode.swift; path = CustomTopTabBar.swift; sourceTree = "<group>"; };
		18A6C8D229E1BDD30086B535 /* EventListView.swift */ = {isa = PBXFileReference; lastKnownFileType = sourcecode.swift; path = EventListView.swift; sourceTree = "<group>"; };
		18D18A2729D8A1E9000D6CBB /* AdminPageView.swift */ = {isa = PBXFileReference; lastKnownFileType = sourcecode.swift; path = AdminPageView.swift; sourceTree = "<group>"; };
		2145C779786E6190E8AD2136 /* Pods_EventsApp.framework */ = {isa = PBXFileReference; explicitFileType = wrapper.framework; includeInIndex = 0; path = Pods_EventsApp.framework; sourceTree = BUILT_PRODUCTS_DIR; };
		2249AE578492F64D0F1EB4EB /* Pods-EventsApp.release.xcconfig */ = {isa = PBXFileReference; includeInIndex = 1; lastKnownFileType = text.xcconfig; name = "Pods-EventsApp.release.xcconfig"; path = "Target Support Files/Pods-EventsApp/Pods-EventsApp.release.xcconfig"; sourceTree = "<group>"; };
		95B2B75BBE7FD74A0F7B15BB /* Pods-EventsApp.debug.xcconfig */ = {isa = PBXFileReference; includeInIndex = 1; lastKnownFileType = text.xcconfig; name = "Pods-EventsApp.debug.xcconfig"; path = "Target Support Files/Pods-EventsApp/Pods-EventsApp.debug.xcconfig"; sourceTree = "<group>"; };
/* End PBXFileReference section */

/* Begin PBXFrameworksBuildPhase section */
		182F753129BB881200D0F751 /* Frameworks */ = {
			isa = PBXFrameworksBuildPhase;
			buildActionMask = 2147483647;
			files = (
				64F5C44225AEA9B6D886E633 /* Pods_EventsApp.framework in Frameworks */,
			);
			runOnlyForDeploymentPostprocessing = 0;
		};
/* End PBXFrameworksBuildPhase section */

/* Begin PBXGroup section */
		182F752B29BB881200D0F751 = {
			isa = PBXGroup;
			children = (
				182F753629BB881200D0F751 /* EventsApp */,
				182F753529BB881200D0F751 /* Products */,
				A70F1DB39A8638AB6E040095 /* Pods */,
				76FCC8CFAC014D40B4BD1976 /* Frameworks */,
			);
			sourceTree = "<group>";
		};
		182F753529BB881200D0F751 /* Products */ = {
			isa = PBXGroup;
			children = (
				182F753429BB881200D0F751 /* EventsApp.app */,
			);
			name = Products;
			sourceTree = "<group>";
		};
		182F753629BB881200D0F751 /* EventsApp */ = {
			isa = PBXGroup;
			children = (
				18451DAA2A4460C0002E2F98 /* LaunchScreen */,
				18451DA72A432C0E002E2F98 /* Info.plist */,
				18A6C8C629E076850086B535 /* ViewModel */,
				18A6C8C529E0767D0086B535 /* View */,
				18A6C8C429E076740086B535 /* Model */,
				182F753729BB881200D0F751 /* EventsAppApp.swift */,
				182F753929BB881200D0F751 /* ContentView.swift */,
				18569C9F2A4477A1007A3CE7 /* Other */,
				182F753B29BB881400D0F751 /* Assets.xcassets */,
				189ED96A29BB94C700754FEC /* GoogleService-Info.plist */,
				182F753D29BB881400D0F751 /* Preview Content */,
			);
			path = EventsApp;
			sourceTree = "<group>";
		};
		182F753D29BB881400D0F751 /* Preview Content */ = {
			isa = PBXGroup;
			children = (
				182F753E29BB881400D0F751 /* Preview Assets.xcassets */,
			);
			path = "Preview Content";
			sourceTree = "<group>";
		};
		18451DAA2A4460C0002E2F98 /* LaunchScreen */ = {
			isa = PBXGroup;
			children = (
				18451DA82A4331C6002E2F98 /* LaunchScreen.storyboard */,
			);
			path = LaunchScreen;
			sourceTree = "<group>";
		};
		18569C9F2A4477A1007A3CE7 /* Other */ = {
			isa = PBXGroup;
			children = (
				182F754D29BDFCC500D0F751 /* ButtonModifier.swift */,
				182F755129BE49B500D0F751 /* GeometryReaderCentered.swift */,
				182E359E29CB847100360734 /* Extensions.swift */,
				18A6C8CC29E1BD110086B535 /* EdgeBorder.swift */,
				18A6C8CE29E1BD490086B535 /* TabBarButton.swift */,
				18A6C8D029E1BD820086B535 /* CustomTopTabBar.swift */,
				189E10F92A4602D5001CBD93 /* ImagePicker.swift */,
			);
			path = Other;
			sourceTree = "<group>";
		};
		18A6C8C429E076740086B535 /* Model */ = {
			isa = PBXGroup;
			children = (
				182E359A29CB81CE00360734 /* User.swift */,
				182E359C29CB82A200360734 /* Event.swift */,
			);
			path = Model;
			sourceTree = "<group>";
		};
		18A6C8C529E0767D0086B535 /* View */ = {
			isa = PBXGroup;
			children = (
				182F754529BD02D700D0F751 /* LogInPageView.swift */,
				182F754729BD031F00D0F751 /* SignUpPageView.swift */,
				182F754B29BD03E000D0F751 /* HomePageView.swift */,
				182F754F29BE3A2100D0F751 /* SideMenuView.swift */,
				189B29B929C78D8200EA95F9 /* SettingsPageView.swift */,
				186CA18B29C8CD6000FC20C5 /* FavouriteEventsPageView.swift */,
				182E35A029CB884700360734 /* CardView.swift */,
				18D18A2729D8A1E9000D6CBB /* AdminPageView.swift */,
				18A6C8D229E1BDD30086B535 /* EventListView.swift */,
				18569CA02A4477EE007A3CE7 /* PopupView.swift */,
				18569CA22A45A45C007A3CE7 /* AddEventPageView.swift */,
				18569CA62A45A818007A3CE7 /* AddUserPageView.swift */,
			);
			path = View;
			sourceTree = "<group>";
		};
		18A6C8C629E076850086B535 /* ViewModel */ = {
			isa = PBXGroup;
			children = (
				18A6C8C729E087C30086B535 /* LoginViewModel.swift */,
				18A6C8C929E087D70086B535 /* SignUpViewModel.swift */,
				18569CA42A45A4CF007A3CE7 /* AddEventViewModel.swift */,
				18569CA82A45A82B007A3CE7 /* AddUserViewModel.swift */,
			);
			path = ViewModel;
			sourceTree = "<group>";
		};
		76FCC8CFAC014D40B4BD1976 /* Frameworks */ = {
			isa = PBXGroup;
			children = (
				2145C779786E6190E8AD2136 /* Pods_EventsApp.framework */,
			);
			name = Frameworks;
			sourceTree = "<group>";
		};
		A70F1DB39A8638AB6E040095 /* Pods */ = {
			isa = PBXGroup;
			children = (
				95B2B75BBE7FD74A0F7B15BB /* Pods-EventsApp.debug.xcconfig */,
				2249AE578492F64D0F1EB4EB /* Pods-EventsApp.release.xcconfig */,
			);
			path = Pods;
			sourceTree = "<group>";
		};
/* End PBXGroup section */

/* Begin PBXNativeTarget section */
		182F753329BB881200D0F751 /* EventsApp */ = {
			isa = PBXNativeTarget;
			buildConfigurationList = 182F754229BB881400D0F751 /* Build configuration list for PBXNativeTarget "EventsApp" */;
			buildPhases = (
				0D354088345D2DCB89E9A851 /* [CP] Check Pods Manifest.lock */,
				182F753029BB881200D0F751 /* Sources */,
				182F753129BB881200D0F751 /* Frameworks */,
				182F753229BB881200D0F751 /* Resources */,
				C91486ABC32A13E3D4033EAD /* [CP] Embed Pods Frameworks */,
			);
			buildRules = (
			);
			dependencies = (
			);
			name = EventsApp;
			productName = EventsApp;
			productReference = 182F753429BB881200D0F751 /* EventsApp.app */;
			productType = "com.apple.product-type.application";
		};
/* End PBXNativeTarget section */

/* Begin PBXProject section */
		182F752C29BB881200D0F751 /* Project object */ = {
			isa = PBXProject;
			attributes = {
				BuildIndependentTargetsInParallel = 1;
				LastSwiftUpdateCheck = 1420;
				LastUpgradeCheck = 1420;
				TargetAttributes = {
					182F753329BB881200D0F751 = {
						CreatedOnToolsVersion = 14.2;
					};
				};
			};
			buildConfigurationList = 182F752F29BB881200D0F751 /* Build configuration list for PBXProject "EventsApp" */;
			compatibilityVersion = "Xcode 14.0";
			developmentRegion = en;
			hasScannedForEncodings = 0;
			knownRegions = (
				en,
				Base,
			);
			mainGroup = 182F752B29BB881200D0F751;
			productRefGroup = 182F753529BB881200D0F751 /* Products */;
			projectDirPath = "";
			projectRoot = "";
			targets = (
				182F753329BB881200D0F751 /* EventsApp */,
			);
		};
/* End PBXProject section */

/* Begin PBXResourcesBuildPhase section */
		182F753229BB881200D0F751 /* Resources */ = {
			isa = PBXResourcesBuildPhase;
			buildActionMask = 2147483647;
			files = (
				182F753F29BB881400D0F751 /* Preview Assets.xcassets in Resources */,
				18451DA92A4331C6002E2F98 /* LaunchScreen.storyboard in Resources */,
				182F753C29BB881400D0F751 /* Assets.xcassets in Resources */,
				189ED96B29BB94C700754FEC /* GoogleService-Info.plist in Resources */,
			);
			runOnlyForDeploymentPostprocessing = 0;
		};
/* End PBXResourcesBuildPhase section */

/* Begin PBXShellScriptBuildPhase section */
		0D354088345D2DCB89E9A851 /* [CP] Check Pods Manifest.lock */ = {
			isa = PBXShellScriptBuildPhase;
			buildActionMask = 2147483647;
			files = (
			);
			inputFileListPaths = (
			);
			inputPaths = (
				"${PODS_PODFILE_DIR_PATH}/Podfile.lock",
				"${PODS_ROOT}/Manifest.lock",
			);
			name = "[CP] Check Pods Manifest.lock";
			outputFileListPaths = (
			);
			outputPaths = (
				"$(DERIVED_FILE_DIR)/Pods-EventsApp-checkManifestLockResult.txt",
			);
			runOnlyForDeploymentPostprocessing = 0;
			shellPath = /bin/sh;
			shellScript = "diff \"${PODS_PODFILE_DIR_PATH}/Podfile.lock\" \"${PODS_ROOT}/Manifest.lock\" > /dev/null\nif [ $? != 0 ] ; then\n    # print error to STDERR\n    echo \"error: The sandbox is not in sync with the Podfile.lock. Run 'pod install' or update your CocoaPods installation.\" >&2\n    exit 1\nfi\n# This output is used by Xcode 'outputs' to avoid re-running this script phase.\necho \"SUCCESS\" > \"${SCRIPT_OUTPUT_FILE_0}\"\n";
			showEnvVarsInLog = 0;
		};
		C91486ABC32A13E3D4033EAD /* [CP] Embed Pods Frameworks */ = {
			isa = PBXShellScriptBuildPhase;
			buildActionMask = 2147483647;
			files = (
			);
			inputFileListPaths = (
				"${PODS_ROOT}/Target Support Files/Pods-EventsApp/Pods-EventsApp-frameworks-${CONFIGURATION}-input-files.xcfilelist",
			);
			name = "[CP] Embed Pods Frameworks";
			outputFileListPaths = (
				"${PODS_ROOT}/Target Support Files/Pods-EventsApp/Pods-EventsApp-frameworks-${CONFIGURATION}-output-files.xcfilelist",
			);
			runOnlyForDeploymentPostprocessing = 0;
			shellPath = /bin/sh;
			shellScript = "\"${PODS_ROOT}/Target Support Files/Pods-EventsApp/Pods-EventsApp-frameworks.sh\"\n";
			showEnvVarsInLog = 0;
		};
/* End PBXShellScriptBuildPhase section */

/* Begin PBXSourcesBuildPhase section */
		182F753029BB881200D0F751 /* Sources */ = {
			isa = PBXSourcesBuildPhase;
			buildActionMask = 2147483647;
			files = (
				182F755229BE49B500D0F751 /* GeometryReaderCentered.swift in Sources */,
				182F754E29BDFCC500D0F751 /* ButtonModifier.swift in Sources */,
				182F755029BE3A2100D0F751 /* SideMenuView.swift in Sources */,
				189E10FA2A4602D5001CBD93 /* ImagePicker.swift in Sources */,
				18A6C8CA29E087D70086B535 /* SignUpViewModel.swift in Sources */,
				182E35A129CB884700360734 /* CardView.swift in Sources */,
				189B29BA29C78D8200EA95F9 /* SettingsPageView.swift in Sources */,
				18569CA72A45A818007A3CE7 /* AddUserPageView.swift in Sources */,
				186CA18C29C8CD6000FC20C5 /* FavouriteEventsPageView.swift in Sources */,
				182F754629BD02D700D0F751 /* LogInPageView.swift in Sources */,
				182F754829BD031F00D0F751 /* SignUpPageView.swift in Sources */,
				182E359B29CB81CE00360734 /* User.swift in Sources */,
				18A6C8D329E1BDD30086B535 /* EventListView.swift in Sources */,
				18569CA12A4477EE007A3CE7 /* PopupView.swift in Sources */,
				18A6C8C829E087C30086B535 /* LoginViewModel.swift in Sources */,
				182F753A29BB881200D0F751 /* ContentView.swift in Sources */,
				18569CA92A45A82B007A3CE7 /* AddUserViewModel.swift in Sources */,
				182F754C29BD03E000D0F751 /* HomePageView.swift in Sources */,
				182F753829BB881200D0F751 /* EventsAppApp.swift in Sources */,
				182E359D29CB82A200360734 /* Event.swift in Sources */,
				18569CA52A45A4CF007A3CE7 /* AddEventViewModel.swift in Sources */,
				182E359F29CB847100360734 /* Extensions.swift in Sources */,
				18A6C8CD29E1BD110086B535 /* EdgeBorder.swift in Sources */,
				18A6C8CF29E1BD490086B535 /* TabBarButton.swift in Sources */,
				18A6C8D129E1BD820086B535 /* CustomTopTabBar.swift in Sources */,
				18569CA32A45A45C007A3CE7 /* AddEventPageView.swift in Sources */,
				18D18A2829D8A1E9000D6CBB /* AdminPageView.swift in Sources */,
			);
			runOnlyForDeploymentPostprocessing = 0;
		};
/* End PBXSourcesBuildPhase section */

/* Begin XCBuildConfiguration section */
		182F754029BB881400D0F751 /* Debug */ = {
			isa = XCBuildConfiguration;
			buildSettings = {
				ALWAYS_SEARCH_USER_PATHS = NO;
				CLANG_ANALYZER_NONNULL = YES;
				CLANG_ANALYZER_NUMBER_OBJECT_CONVERSION = YES_AGGRESSIVE;
				CLANG_CXX_LANGUAGE_STANDARD = "gnu++20";
				CLANG_ENABLE_MODULES = YES;
				CLANG_ENABLE_OBJC_ARC = YES;
				CLANG_ENABLE_OBJC_WEAK = YES;
				CLANG_WARN_BLOCK_CAPTURE_AUTORELEASING = YES;
				CLANG_WARN_BOOL_CONVERSION = YES;
				CLANG_WARN_COMMA = YES;
				CLANG_WARN_CONSTANT_CONVERSION = YES;
				CLANG_WARN_DEPRECATED_OBJC_IMPLEMENTATIONS = YES;
				CLANG_WARN_DIRECT_OBJC_ISA_USAGE = YES_ERROR;
				CLANG_WARN_DOCUMENTATION_COMMENTS = YES;
				CLANG_WARN_EMPTY_BODY = YES;
				CLANG_WARN_ENUM_CONVERSION = YES;
				CLANG_WARN_INFINITE_RECURSION = YES;
				CLANG_WARN_INT_CONVERSION = YES;
				CLANG_WARN_NON_LITERAL_NULL_CONVERSION = YES;
				CLANG_WARN_OBJC_IMPLICIT_RETAIN_SELF = YES;
				CLANG_WARN_OBJC_LITERAL_CONVERSION = YES;
				CLANG_WARN_OBJC_ROOT_CLASS = YES_ERROR;
				CLANG_WARN_QUOTED_INCLUDE_IN_FRAMEWORK_HEADER = YES;
				CLANG_WARN_RANGE_LOOP_ANALYSIS = YES;
				CLANG_WARN_STRICT_PROTOTYPES = YES;
				CLANG_WARN_SUSPICIOUS_MOVE = YES;
				CLANG_WARN_UNGUARDED_AVAILABILITY = YES_AGGRESSIVE;
				CLANG_WARN_UNREACHABLE_CODE = YES;
				CLANG_WARN__DUPLICATE_METHOD_MATCH = YES;
				COPY_PHASE_STRIP = NO;
				DEBUG_INFORMATION_FORMAT = dwarf;
				ENABLE_STRICT_OBJC_MSGSEND = YES;
				ENABLE_TESTABILITY = YES;
				GCC_C_LANGUAGE_STANDARD = gnu11;
				GCC_DYNAMIC_NO_PIC = NO;
				GCC_NO_COMMON_BLOCKS = YES;
				GCC_OPTIMIZATION_LEVEL = 0;
				GCC_PREPROCESSOR_DEFINITIONS = (
					"DEBUG=1",
					"$(inherited)",
				);
				GCC_WARN_64_TO_32_BIT_CONVERSION = YES;
				GCC_WARN_ABOUT_RETURN_TYPE = YES_ERROR;
				GCC_WARN_UNDECLARED_SELECTOR = YES;
				GCC_WARN_UNINITIALIZED_AUTOS = YES_AGGRESSIVE;
				GCC_WARN_UNUSED_FUNCTION = YES;
				GCC_WARN_UNUSED_VARIABLE = YES;
				IPHONEOS_DEPLOYMENT_TARGET = 16.2;
				MTL_ENABLE_DEBUG_INFO = INCLUDE_SOURCE;
				MTL_FAST_MATH = YES;
				ONLY_ACTIVE_ARCH = YES;
				SDKROOT = iphoneos;
				SWIFT_ACTIVE_COMPILATION_CONDITIONS = DEBUG;
				SWIFT_OPTIMIZATION_LEVEL = "-Onone";
			};
			name = Debug;
		};
		182F754129BB881400D0F751 /* Release */ = {
			isa = XCBuildConfiguration;
			buildSettings = {
				ALWAYS_SEARCH_USER_PATHS = NO;
				CLANG_ANALYZER_NONNULL = YES;
				CLANG_ANALYZER_NUMBER_OBJECT_CONVERSION = YES_AGGRESSIVE;
				CLANG_CXX_LANGUAGE_STANDARD = "gnu++20";
				CLANG_ENABLE_MODULES = YES;
				CLANG_ENABLE_OBJC_ARC = YES;
				CLANG_ENABLE_OBJC_WEAK = YES;
				CLANG_WARN_BLOCK_CAPTURE_AUTORELEASING = YES;
				CLANG_WARN_BOOL_CONVERSION = YES;
				CLANG_WARN_COMMA = YES;
				CLANG_WARN_CONSTANT_CONVERSION = YES;
				CLANG_WARN_DEPRECATED_OBJC_IMPLEMENTATIONS = YES;
				CLANG_WARN_DIRECT_OBJC_ISA_USAGE = YES_ERROR;
				CLANG_WARN_DOCUMENTATION_COMMENTS = YES;
				CLANG_WARN_EMPTY_BODY = YES;
				CLANG_WARN_ENUM_CONVERSION = YES;
				CLANG_WARN_INFINITE_RECURSION = YES;
				CLANG_WARN_INT_CONVERSION = YES;
				CLANG_WARN_NON_LITERAL_NULL_CONVERSION = YES;
				CLANG_WARN_OBJC_IMPLICIT_RETAIN_SELF = YES;
				CLANG_WARN_OBJC_LITERAL_CONVERSION = YES;
				CLANG_WARN_OBJC_ROOT_CLASS = YES_ERROR;
				CLANG_WARN_QUOTED_INCLUDE_IN_FRAMEWORK_HEADER = YES;
				CLANG_WARN_RANGE_LOOP_ANALYSIS = YES;
				CLANG_WARN_STRICT_PROTOTYPES = YES;
				CLANG_WARN_SUSPICIOUS_MOVE = YES;
				CLANG_WARN_UNGUARDED_AVAILABILITY = YES_AGGRESSIVE;
				CLANG_WARN_UNREACHABLE_CODE = YES;
				CLANG_WARN__DUPLICATE_METHOD_MATCH = YES;
				COPY_PHASE_STRIP = NO;
				DEBUG_INFORMATION_FORMAT = "dwarf-with-dsym";
				ENABLE_NS_ASSERTIONS = NO;
				ENABLE_STRICT_OBJC_MSGSEND = YES;
				GCC_C_LANGUAGE_STANDARD = gnu11;
				GCC_NO_COMMON_BLOCKS = YES;
				GCC_WARN_64_TO_32_BIT_CONVERSION = YES;
				GCC_WARN_ABOUT_RETURN_TYPE = YES_ERROR;
				GCC_WARN_UNDECLARED_SELECTOR = YES;
				GCC_WARN_UNINITIALIZED_AUTOS = YES_AGGRESSIVE;
				GCC_WARN_UNUSED_FUNCTION = YES;
				GCC_WARN_UNUSED_VARIABLE = YES;
				IPHONEOS_DEPLOYMENT_TARGET = 16.2;
				MTL_ENABLE_DEBUG_INFO = NO;
				MTL_FAST_MATH = YES;
				SDKROOT = iphoneos;
				SWIFT_COMPILATION_MODE = wholemodule;
				SWIFT_OPTIMIZATION_LEVEL = "-O";
				VALIDATE_PRODUCT = YES;
			};
			name = Release;
		};
		182F754329BB881400D0F751 /* Debug */ = {
			isa = XCBuildConfiguration;
			baseConfigurationReference = 95B2B75BBE7FD74A0F7B15BB /* Pods-EventsApp.debug.xcconfig */;
			buildSettings = {
				ASSETCATALOG_COMPILER_APPICON_NAME = AppIcon;
				ASSETCATALOG_COMPILER_GLOBAL_ACCENT_COLOR_NAME = AccentColor;
				ASSETCATALOG_COMPILER_INCLUDE_ALL_APPICON_ASSETS = NO;
				CODE_SIGN_STYLE = Automatic;
				CURRENT_PROJECT_VERSION = 1;
				DEVELOPMENT_ASSET_PATHS = "\"EventsApp/Preview Content\"";
				DEVELOPMENT_TEAM = 99NPBL5XS9;
				ENABLE_PREVIEWS = YES;
				GENERATE_INFOPLIST_FILE = YES;
				INFOPLIST_FILE = EventsApp/Info.plist;
				INFOPLIST_KEY_UIApplicationSceneManifest_Generation = YES;
				INFOPLIST_KEY_UIApplicationSupportsIndirectInputEvents = YES;
				INFOPLIST_KEY_UILaunchStoryboardName = LaunchScreen.storyboard;
				INFOPLIST_KEY_UISupportedInterfaceOrientations_iPad = "UIInterfaceOrientationPortrait UIInterfaceOrientationPortraitUpsideDown UIInterfaceOrientationLandscapeLeft UIInterfaceOrientationLandscapeRight";
				INFOPLIST_KEY_UISupportedInterfaceOrientations_iPhone = "UIInterfaceOrientationPortrait UIInterfaceOrientationLandscapeLeft UIInterfaceOrientationLandscapeRight";
				IPHONEOS_DEPLOYMENT_TARGET = 16.2;
				LD_RUNPATH_SEARCH_PATHS = (
					"$(inherited)",
					"@executable_path/Frameworks",
				);
				MARKETING_VERSION = 1.0;
				PRODUCT_BUNDLE_IDENTIFIER = com.pallarnold.EventsApp;
				PRODUCT_NAME = "$(TARGET_NAME)";
				SWIFT_EMIT_LOC_STRINGS = YES;
				SWIFT_VERSION = 5.0;
				TARGETED_DEVICE_FAMILY = "1,2";
			};
			name = Debug;
		};
		182F754429BB881400D0F751 /* Release */ = {
			isa = XCBuildConfiguration;
			baseConfigurationReference = 2249AE578492F64D0F1EB4EB /* Pods-EventsApp.release.xcconfig */;
			buildSettings = {
				ASSETCATALOG_COMPILER_APPICON_NAME = AppIcon;
				ASSETCATALOG_COMPILER_GLOBAL_ACCENT_COLOR_NAME = AccentColor;
				ASSETCATALOG_COMPILER_INCLUDE_ALL_APPICON_ASSETS = NO;
				CODE_SIGN_STYLE = Automatic;
				CURRENT_PROJECT_VERSION = 1;
				DEVELOPMENT_ASSET_PATHS = "\"EventsApp/Preview Content\"";
				DEVELOPMENT_TEAM = 99NPBL5XS9;
				ENABLE_PREVIEWS = YES;
				GENERATE_INFOPLIST_FILE = YES;
				INFOPLIST_FILE = EventsApp/Info.plist;
				INFOPLIST_KEY_UIApplicationSceneManifest_Generation = YES;
				INFOPLIST_KEY_UIApplicationSupportsIndirectInputEvents = YES;
				INFOPLIST_KEY_UILaunchStoryboardName = LaunchScreen.storyboard;
				INFOPLIST_KEY_UISupportedInterfaceOrientations_iPad = "UIInterfaceOrientationPortrait UIInterfaceOrientationPortraitUpsideDown UIInterfaceOrientationLandscapeLeft UIInterfaceOrientationLandscapeRight";
				INFOPLIST_KEY_UISupportedInterfaceOrientations_iPhone = "UIInterfaceOrientationPortrait UIInterfaceOrientationLandscapeLeft UIInterfaceOrientationLandscapeRight";
				IPHONEOS_DEPLOYMENT_TARGET = 16.2;
				LD_RUNPATH_SEARCH_PATHS = (
					"$(inherited)",
					"@executable_path/Frameworks",
				);
				MARKETING_VERSION = 1.0;
				PRODUCT_BUNDLE_IDENTIFIER = com.pallarnold.EventsApp;
				PRODUCT_NAME = "$(TARGET_NAME)";
				SWIFT_EMIT_LOC_STRINGS = YES;
				SWIFT_VERSION = 5.0;
				TARGETED_DEVICE_FAMILY = "1,2";
			};
			name = Release;
		};
/* End XCBuildConfiguration section */

/* Begin XCConfigurationList section */
		182F752F29BB881200D0F751 /* Build configuration list for PBXProject "EventsApp" */ = {
			isa = XCConfigurationList;
			buildConfigurations = (
				182F754029BB881400D0F751 /* Debug */,
				182F754129BB881400D0F751 /* Release */,
			);
			defaultConfigurationIsVisible = 0;
			defaultConfigurationName = Release;
		};
		182F754229BB881400D0F751 /* Build configuration list for PBXNativeTarget "EventsApp" */ = {
			isa = XCConfigurationList;
			buildConfigurations = (
				182F754329BB881400D0F751 /* Debug */,
				182F754429BB881400D0F751 /* Release */,
			);
			defaultConfigurationIsVisible = 0;
			defaultConfigurationName = Release;
		};
/* End XCConfigurationList section */
	};
	rootObject = 182F752C29BB881200D0F751 /* Project object */;
}
